
Microsoft Visual Studio Solution File, Format Version 12.00
# Visual Studio 15
VisualStudioVersion = 15.0.28010.2036
MinimumVisualStudioVersion = 10.0.40219.1
Project("{FAE04EC0-301F-11D3-BF4B-00C04F79EFBC}") = "UpdatedWebApiWithXpo", "UpdatedWebApiWithXpo\UpdatedWebApiWithXpo.csproj", "{C9D1646E-1E3D-4F77-89B1-8BB35E98D766}"
EndProject
Project("{9A19103F-16F7-4668-BE54-9A1E7A4F7556}") = "DX.Data.Xpo.Identity", "DX.Data.Xpo.Identity\DX.Data.Xpo.Identity.csproj", "{8B3416F4-FFB9-4A94-B4D5-F4FCEC8F862C}"
EndProject
Project("{9A19103F-16F7-4668-BE54-9A1E7A4F7556}") = "DX.Data.Xpo", "DX.Data.Xpo\DX.Data.Xpo.csproj", "{BFB5EAAD-AF96-447B-9374-C0751CA13F2A}"
EndProject
Project("{9A19103F-16F7-4668-BE54-9A1E7A4F7556}") = "DX.Utils", "DX.Utils\DX.Utils.csproj", "{36160E95-C6AF-474F-B909-1248C710544D}"
EndProject
Global
	GlobalSection(SolutionConfigurationPlatforms) = preSolution
		Debug|Any CPU = Debug|Any CPU
		Release|Any CPU = Release|Any CPU
	EndGlobalSection
	GlobalSection(ProjectConfigurationPlatforms) = postSolution
		{C9D1646E-1E3D-4F77-89B1-8BB35E98D766}.Debug|Any CPU.ActiveCfg = Debug|Any CPU
		{C9D1646E-1E3D-4F77-89B1-8BB35E98D766}.Debug|Any CPU.Build.0 = Debug|Any CPU
		{C9D1646E-1E3D-4F77-89B1-8BB35E98D766}.Release|Any CPU.ActiveCfg = Release|Any CPU
		{C9D1646E-1E3D-4F77-89B1-8BB35E98D766}.Release|Any CPU.Build.0 = Release|Any CPU
		{8B3416F4-FFB9-4A94-B4D5-F4FCEC8F862C}.Debug|Any CPU.ActiveCfg = Debug|Any CPU
		{8B3416F4-FFB9-4A94-B4D5-F4FCEC8F862C}.Debug|Any CPU.Build.0 = Debug|Any CPU
		{8B3416F4-FFB9-4A94-B4D5-F4FCEC8F862C}.Release|Any CPU.ActiveCfg = Release|Any CPU
		{8B3416F4-FFB9-4A94-B4D5-F4FCEC8F862C}.Release|Any CPU.Build.0 = Release|Any CPU
		{BFB5EAAD-AF96-447B-9374-C0751CA13F2A}.Debug|Any CPU.ActiveCfg = Debug|Any CPU
		{BFB5EAAD-AF96-447B-9374-C0751CA13F2A}.Debug|Any CPU.Build.0 = Debug|Any CPU
		{BFB5EAAD-AF96-447B-9374-C0751CA13F2A}.Release|Any CPU.ActiveCfg = Release|Any CPU
		{BFB5EAAD-AF96-447B-9374-C0751CA13F2A}.Release|Any CPU.Build.0 = Release|Any CPU
		{36160E95-C6AF-474F-B909-1248C710544D}.Debug|Any CPU.ActiveCfg = Debug|Any CPU
		{36160E95-C6AF-474F-B909-1248C710544D}.Debug|Any CPU.Build.0 = Debug|Any CPU
		{36160E95-C6AF-474F-B909-1248C710544D}.Release|Any CPU.ActiveCfg = Release|Any CPU
		{36160E95-C6AF-474F-B909-1248C710544D}.Release|Any CPU.Build.0 = Release|Any CPU
	EndGlobalSection
	GlobalSection(SolutionProperties) = preSolution
		HideSolutionNode = FALSE
	EndGlobalSection
	GlobalSection(ExtensibilityGlobals) = postSolution
		SolutionGuid = {14D2E839-3259-432B-87AF-413E70E93A1D}
	EndGlobalSection
EndGlobal
